PODS:
  - app_links (0.0.1):
    - Flutter
  - Flutter (1.0.0)
  - flutter_google_places_sdk_ios (0.0.1):
    - Flutter
    - GooglePlaces
  - geolocator_apple (1.2.0):
    - Flutter
  - google_maps_flutter_ios (0.0.1):
    - Flutter
    - GoogleMaps
  - GoogleMaps (5.2.0):
    - GoogleMaps/Maps (= 5.2.0)
  - GoogleMaps/Base (5.2.0)
  - GoogleMaps/Maps (5.2.0):
    - GoogleMaps/Base
  - GooglePlaces (5.1.0)
  - path_provider_foundation (0.0.1):
    - Flutter
    - FlutterMacOS
  - url_launcher_ios (0.0.1):
    - Flutter

DEPENDENCIES:
  - app_links (from `.symlinks/plugins/app_links/ios`)
  - Flutter (from `Flutter`)
  - flutter_google_places_sdk_ios (from `.symlinks/plugins/flutter_google_places_sdk_ios/ios`)
  - geolocator_apple (from `.symlinks/plugins/geolocator_apple/ios`)
  - google_maps_flutter_ios (from `.symlinks/plugins/google_maps_flutter_ios/ios`)
  - path_provider_foundation (from `.symlinks/plugins/path_provider_foundation/ios`)
  - url_launcher_ios (from `.symlinks/plugins/url_launcher_ios/ios`)

SPEC REPOS:
  trunk:
    - GoogleMaps
    - GooglePlaces

EXTERNAL SOURCES:
  app_links:
    :path: ".symlinks/plugins/app_links/ios"
  Flutter:
    :path: Flutter
  flutter_google_places_sdk_ios:
    :path: ".symlinks/plugins/flutter_google_places_sdk_ios/ios"
  geolocator_apple:
    :path: ".symlinks/plugins/geolocator_apple/ios"
  google_maps_flutter_ios:
    :path: ".symlinks/plugins/google_maps_flutter_ios/ios"
  path_provider_foundation:
    :path: ".symlinks/plugins/path_provider_foundation/ios"
  url_launcher_ios:
    :path: ".symlinks/plugins/url_launcher_ios/ios"

SPEC CHECKSUMS:
  app_links: ab4ba54d10a13d45825336bc9707b5eadee81191
  Flutter: f04841e97a9d0b0a8025694d0796dd46242b2854
  flutter_google_places_sdk_ios: 68d8df9529e979d2554bdb8076020f7515ab566d
  geolocator_apple: cc556e6844d508c95df1e87e3ea6fa4e58c50401
  google_maps_flutter_ios: 66201f392bf62d500f07670a30488a247b9bb5b9
  GoogleMaps: 025272d5876d3b32604e5c080dc25eaf68764693
  GooglePlaces: c57cd5aa7e91d10fa5106c792de74f3bd6436260
  path_provider_foundation: 37748e03f12783f9de2cb2c4eadfaa25fe6d4852
  url_launcher_ios: ae1517e5e344f5544fb090b079e11f399dfbe4d2

PODFILE CHECKSUM: ef19549a9bc3046e7bb7d2fab4d021637c0c58a3

COCOAPODS: 1.11.3
